
Microsoft Visual Studio Solution File, Format Version 12.00
# Visual Studio Version 16
VisualStudioVersion = 16.0.31829.152
MinimumVisualStudioVersion = 10.0.40219.1
Project("{FAE04EC0-301F-11D3-BF4B-00C04F79EFBC}") = "Mood_Analyser", "Mood_Analyser.csproj", "{211CA27B-6F60-4622-9CBA-27BA904752E7}"
EndProject
Project("{FAE04EC0-301F-11D3-BF4B-00C04F79EFBC}") = "TestMood", "TestMood\TestMood.csproj", "{C6F6A8B9-3973-4806-88F1-7F7C9165B079}"
	ProjectSection(ProjectDependencies) = postProject
		{211CA27B-6F60-4622-9CBA-27BA904752E7} = {211CA27B-6F60-4622-9CBA-27BA904752E7}
	EndProjectSection
EndProject
Global
	GlobalSection(SolutionConfigurationPlatforms) = preSolution
		Debug|Any CPU = Debug|Any CPU
		Release|Any CPU = Release|Any CPU
	EndGlobalSection
	GlobalSection(ProjectConfigurationPlatforms) = postSolution
		{211CA27B-6F60-4622-9CBA-27BA904752E7}.Debug|Any CPU.ActiveCfg = Debug|Any CPU
		{211CA27B-6F60-4622-9CBA-27BA904752E7}.Debug|Any CPU.Build.0 = Debug|Any CPU
		{211CA27B-6F60-4622-9CBA-27BA904752E7}.Release|Any CPU.ActiveCfg = Release|Any CPU
		{211CA27B-6F60-4622-9CBA-27BA904752E7}.Release|Any CPU.Build.0 = Release|Any CPU
		{C6F6A8B9-3973-4806-88F1-7F7C9165B079}.Debug|Any CPU.ActiveCfg = Debug|Any CPU
		{C6F6A8B9-3973-4806-88F1-7F7C9165B079}.Debug|Any CPU.Build.0 = Debug|Any CPU
		{C6F6A8B9-3973-4806-88F1-7F7C9165B079}.Release|Any CPU.ActiveCfg = Release|Any CPU
		{C6F6A8B9-3973-4806-88F1-7F7C9165B079}.Release|Any CPU.Build.0 = Release|Any CPU
	EndGlobalSection
	GlobalSection(SolutionProperties) = preSolution
		HideSolutionNode = FALSE
	EndGlobalSection
	GlobalSection(ExtensibilityGlobals) = postSolution
		SolutionGuid = {A6DD7753-8A66-4C26-930A-4823CCB433AB}
	EndGlobalSection
EndGlobal
